// !$*UTF8*$!
{
	archiveVersion = 1;
	classes = {
	};
	objectVersion = 51;
	objects = {

/* Begin PBXBuildFile section */
		294EE8566B388FA6EF52F902 /* Pods_AviationMeteorology.framework in Frameworks */ = {isa = PBXBuildFile; fileRef = EF252CEAE80B4DDD8B6DAB78 /* Pods_AviationMeteorology.framework */; };
		BA0290AF25B9B73B00FAFBC2 /* AppDelegate.swift in Sources */ = {isa = PBXBuildFile; fileRef = BA0290AE25B9B73B00FAFBC2 /* AppDelegate.swift */; };
		BA0290B125B9B73B00FAFBC2 /* SceneDelegate.swift in Sources */ = {isa = PBXBuildFile; fileRef = BA0290B025B9B73B00FAFBC2 /* SceneDelegate.swift */; };
		BA0290B625B9B73B00FAFBC2 /* Main.storyboard in Resources */ = {isa = PBXBuildFile; fileRef = BA0290B425B9B73B00FAFBC2 /* Main.storyboard */; };
		BA0290B825B9B73C00FAFBC2 /* Assets.xcassets in Resources */ = {isa = PBXBuildFile; fileRef = BA0290B725B9B73C00FAFBC2 /* Assets.xcassets */; };
		BA0290BB25B9B73C00FAFBC2 /* LaunchScreen.storyboard in Resources */ = {isa = PBXBuildFile; fileRef = BA0290B925B9B73C00FAFBC2 /* LaunchScreen.storyboard */; };
		BA0290C725BA02BF00FAFBC2 /*  Button Extension.swift in Sources */ = {isa = PBXBuildFile; fileRef = BA0290C625BA02BF00FAFBC2 /*  Button Extension.swift */; };
		BA0A9DBE25C81649002B661A /* AviationAppData.swift in Sources */ = {isa = PBXBuildFile; fileRef = BA0A9DBD25C81648002B661A /* AviationAppData.swift */; };
		BA2C44F925C93C2600ECAE38 /* WeathearModels.swift in Sources */ = {isa = PBXBuildFile; fileRef = BA2C44F825C93C2600ECAE38 /* WeathearModels.swift */; };
		BA4E96B425D2A55900A16EC7 /* RouteModel.swift in Sources */ = {isa = PBXBuildFile; fileRef = BA4E96B325D2A55900A16EC7 /* RouteModel.swift */; };
		BA4E96B725D2C79200A16EC7 /* RouteTableViewCell.swift in Sources */ = {isa = PBXBuildFile; fileRef = BA4E96B625D2C79200A16EC7 /* RouteTableViewCell.swift */; };
		BA4E96BA25D309CD00A16EC7 /* SunTimesModel.swift in Sources */ = {isa = PBXBuildFile; fileRef = BA4E96B925D309CD00A16EC7 /* SunTimesModel.swift */; };
		BA4E96BE25D311ED00A16EC7 /* SunTimesViewController.swift in Sources */ = {isa = PBXBuildFile; fileRef = BA4E96BD25D311ED00A16EC7 /* SunTimesViewController.swift */; };
		BA4E96C325D4040800A16EC7 /* SettingsTableViewController.swift in Sources */ = {isa = PBXBuildFile; fileRef = BA4E96C225D4040800A16EC7 /* SettingsTableViewController.swift */; };
		BA5D97F925C7445800B3512B /* HomeViewController.swift in Sources */ = {isa = PBXBuildFile; fileRef = BA5D97F825C7445800B3512B /* HomeViewController.swift */; };
		BA60817525D6B11400E8026D /* Quicksand-Bold.ttf in Resources */ = {isa = PBXBuildFile; fileRef = BA60817025D6B11400E8026D /* Quicksand-Bold.ttf */; };
		BA60817625D6B11400E8026D /* Quicksand-Medium.ttf in Resources */ = {isa = PBXBuildFile; fileRef = BA60817125D6B11400E8026D /* Quicksand-Medium.ttf */; };
		BA60817725D6B11400E8026D /* Quicksand-SemiBold.ttf in Resources */ = {isa = PBXBuildFile; fileRef = BA60817225D6B11400E8026D /* Quicksand-SemiBold.ttf */; };
		BA60817825D6B11400E8026D /* Quicksand-Light.ttf in Resources */ = {isa = PBXBuildFile; fileRef = BA60817325D6B11400E8026D /* Quicksand-Light.ttf */; };
		BA60817925D6B11400E8026D /* Quicksand-Regular.ttf in Resources */ = {isa = PBXBuildFile; fileRef = BA60817425D6B11400E8026D /* Quicksand-Regular.ttf */; };
		BA69E35425C88CA000BED030 /* ApiCode.plist in Resources */ = {isa = PBXBuildFile; fileRef = BA69E35325C88CA000BED030 /* ApiCode.plist */; };
		BA6F21C025CA86A600A10932 /* DecodedMetarViewController.swift in Sources */ = {isa = PBXBuildFile; fileRef = BA6F21BF25CA86A600A10932 /* DecodedMetarViewController.swift */; };
		BA6F21C325CA884200A10932 /* Constants.swift in Sources */ = {isa = PBXBuildFile; fileRef = BA6F21C225CA884200A10932 /* Constants.swift */; };
		BA6F21C825CB2CAB00A10932 /* UnitsSettingTableViewController.swift in Sources */ = {isa = PBXBuildFile; fileRef = BA6F21C725CB2CAB00A10932 /* UnitsSettingTableViewController.swift */; };
		BA725A5F25CF1A92001D0FD0 /* NearestAirportModel.swift in Sources */ = {isa = PBXBuildFile; fileRef = BA725A5E25CF1A92001D0FD0 /* NearestAirportModel.swift */; };
		BAB5E75D25D120AF00DD139E /* NearestScreenLoadModel.swift in Sources */ = {isa = PBXBuildFile; fileRef = BAB5E75C25D120AF00DD139E /* NearestScreenLoadModel.swift */; };
		BADC6FB625CD4AF000F6DA93 /* DecodedScreenLoadModel.swift in Sources */ = {isa = PBXBuildFile; fileRef = BADC6FB525CD4AF000F6DA93 /* DecodedScreenLoadModel.swift */; };
		BADF452C25DA4FDC005F6D26 /* SettingsModel.swift in Sources */ = {isa = PBXBuildFile; fileRef = BADF452B25DA4FDC005F6D26 /* SettingsModel.swift */; };
		BAEA8CB825CDDDE600C96D9D /* NearestViewController.swift in Sources */ = {isa = PBXBuildFile; fileRef = BAEA8CB725CDDDE600C96D9D /* NearestViewController.swift */; };
		BAF108CB25D065F000E40065 /* NearestAirportCell.swift in Sources */ = {isa = PBXBuildFile; fileRef = BAF108CA25D065F000E40065 /* NearestAirportCell.swift */; };
		BAF13D2225D27C7300226578 /* RouteMeteorologyViewController.swift in Sources */ = {isa = PBXBuildFile; fileRef = BAF13D2125D27C7300226578 /* RouteMeteorologyViewController.swift */; };
/* End PBXBuildFile section */

/* Begin PBXFileReference section */
		0303794C4FCAF376E6E8D94D /* Pods-AviationMeteorology.release.xcconfig */ = {isa = PBXFileReference; includeInIndex = 1; lastKnownFileType = text.xcconfig; name = "Pods-AviationMeteorology.release.xcconfig"; path = "Target Support Files/Pods-AviationMeteorology/Pods-AviationMeteorology.release.xcconfig"; sourceTree = "<group>"; };
		894D6F03C8ED4DF10ECF3D96 /* Pods-AviationMeteorology.debug.xcconfig */ = {isa = PBXFileReference; includeInIndex = 1; lastKnownFileType = text.xcconfig; name = "Pods-AviationMeteorology.debug.xcconfig"; path = "Target Support Files/Pods-AviationMeteorology/Pods-AviationMeteorology.debug.xcconfig"; sourceTree = "<group>"; };
		BA0290AB25B9B73B00FAFBC2 /* AviationMeteorology.app */ = {isa = PBXFileReference; explicitFileType = wrapper.application; includeInIndex = 0; path = AviationMeteorology.app; sourceTree = BUILT_PRODUCTS_DIR; };
		BA0290AE25B9B73B00FAFBC2 /* AppDelegate.swift */ = {isa = PBXFileReference; lastKnownFileType = sourcecode.swift; path = AppDelegate.swift; sourceTree = "<group>"; };
		BA0290B025B9B73B00FAFBC2 /* SceneDelegate.swift */ = {isa = PBXFileReference; lastKnownFileType = sourcecode.swift; path = SceneDelegate.swift; sourceTree = "<group>"; };
		BA0290B525B9B73B00FAFBC2 /* Base */ = {isa = PBXFileReference; lastKnownFileType = file.storyboard; name = Base; path = Base.lproj/Main.storyboard; sourceTree = "<group>"; };
		BA0290B725B9B73C00FAFBC2 /* Assets.xcassets */ = {isa = PBXFileReference; lastKnownFileType = folder.assetcatalog; path = Assets.xcassets; sourceTree = "<group>"; };
		BA0290BA25B9B73C00FAFBC2 /* Base */ = {isa = PBXFileReference; lastKnownFileType = file.storyboard; name = Base; path = Base.lproj/LaunchScreen.storyboard; sourceTree = "<group>"; };
		BA0290BC25B9B73C00FAFBC2 /* Info.plist */ = {isa = PBXFileReference; lastKnownFileType = text.plist.xml; path = Info.plist; sourceTree = "<group>"; };
		BA0290C625BA02BF00FAFBC2 /*  Button Extension.swift */ = {isa = PBXFileReference; lastKnownFileType = sourcecode.swift; path = " Button Extension.swift"; sourceTree = "<group>"; };
		BA0A9DBD25C81648002B661A /* AviationAppData.swift */ = {isa = PBXFileReference; lastKnownFileType = sourcecode.swift; path = AviationAppData.swift; sourceTree = "<group>"; };
		BA2C44F825C93C2600ECAE38 /* WeathearModels.swift */ = {isa = PBXFileReference; lastKnownFileType = sourcecode.swift; path = WeathearModels.swift; sourceTree = "<group>"; };
		BA4E96B325D2A55900A16EC7 /* RouteModel.swift */ = {isa = PBXFileReference; lastKnownFileType = sourcecode.swift; path = RouteModel.swift; sourceTree = "<group>"; };
		BA4E96B625D2C79200A16EC7 /* RouteTableViewCell.swift */ = {isa = PBXFileReference; lastKnownFileType = sourcecode.swift; path = RouteTableViewCell.swift; sourceTree = "<group>"; };
		BA4E96B925D309CD00A16EC7 /* SunTimesModel.swift */ = {isa = PBXFileReference; lastKnownFileType = sourcecode.swift; path = SunTimesModel.swift; sourceTree = "<group>"; };
		BA4E96BD25D311ED00A16EC7 /* SunTimesViewController.swift */ = {isa = PBXFileReference; lastKnownFileType = sourcecode.swift; path = SunTimesViewController.swift; sourceTree = "<group>"; };
		BA4E96C225D4040800A16EC7 /* SettingsTableViewController.swift */ = {isa = PBXFileReference; lastKnownFileType = sourcecode.swift; path = SettingsTableViewController.swift; sourceTree = "<group>"; };
		BA5D97F825C7445800B3512B /* HomeViewController.swift */ = {isa = PBXFileReference; lastKnownFileType = sourcecode.swift; path = HomeViewController.swift; sourceTree = "<group>"; };
		BA60817025D6B11400E8026D /* Quicksand-Bold.ttf */ = {isa = PBXFileReference; lastKnownFileType = file; path = "Quicksand-Bold.ttf"; sourceTree = "<group>"; };
		BA60817125D6B11400E8026D /* Quicksand-Medium.ttf */ = {isa = PBXFileReference; lastKnownFileType = file; path = "Quicksand-Medium.ttf"; sourceTree = "<group>"; };
		BA60817225D6B11400E8026D /* Quicksand-SemiBold.ttf */ = {isa = PBXFileReference; lastKnownFileType = file; path = "Quicksand-SemiBold.ttf"; sourceTree = "<group>"; };
		BA60817325D6B11400E8026D /* Quicksand-Light.ttf */ = {isa = PBXFileReference; lastKnownFileType = file; path = "Quicksand-Light.ttf"; sourceTree = "<group>"; };
		BA60817425D6B11400E8026D /* Quicksand-Regular.ttf */ = {isa = PBXFileReference; lastKnownFileType = file; path = "Quicksand-Regular.ttf"; sourceTree = "<group>"; };
		BA69E35325C88CA000BED030 /* ApiCode.plist */ = {isa = PBXFileReference; lastKnownFileType = text.plist.xml; path = ApiCode.plist; sourceTree = "<group>"; };
		BA6F21BF25CA86A600A10932 /* DecodedMetarViewController.swift */ = {isa = PBXFileReference; lastKnownFileType = sourcecode.swift; path = DecodedMetarViewController.swift; sourceTree = "<group>"; };
		BA6F21C225CA884200A10932 /* Constants.swift */ = {isa = PBXFileReference; lastKnownFileType = sourcecode.swift; path = Constants.swift; sourceTree = "<group>"; };
		BA6F21C725CB2CAB00A10932 /* UnitsSettingTableViewController.swift */ = {isa = PBXFileReference; lastKnownFileType = sourcecode.swift; path = UnitsSettingTableViewController.swift; sourceTree = "<group>"; };
		BA725A5E25CF1A92001D0FD0 /* NearestAirportModel.swift */ = {isa = PBXFileReference; lastKnownFileType = sourcecode.swift; path = NearestAirportModel.swift; sourceTree = "<group>"; };
		BAB5E75C25D120AF00DD139E /* NearestScreenLoadModel.swift */ = {isa = PBXFileReference; lastKnownFileType = sourcecode.swift; path = NearestScreenLoadModel.swift; sourceTree = "<group>"; };
		BADC6FB525CD4AF000F6DA93 /* DecodedScreenLoadModel.swift */ = {isa = PBXFileReference; lastKnownFileType = sourcecode.swift; path = DecodedScreenLoadModel.swift; sourceTree = "<group>"; };
		BADF452B25DA4FDC005F6D26 /* SettingsModel.swift */ = {isa = PBXFileReference; fileEncoding = 4; lastKnownFileType = sourcecode.swift; path = SettingsModel.swift; sourceTree = "<group>"; };
		BAEA8CB725CDDDE600C96D9D /* NearestViewController.swift */ = {isa = PBXFileReference; lastKnownFileType = sourcecode.swift; path = NearestViewController.swift; sourceTree = "<group>"; };
		BAF108CA25D065F000E40065 /* NearestAirportCell.swift */ = {isa = PBXFileReference; lastKnownFileType = sourcecode.swift; path = NearestAirportCell.swift; sourceTree = "<group>"; };
		BAF13D2125D27C7300226578 /* RouteMeteorologyViewController.swift */ = {isa = PBXFileReference; lastKnownFileType = sourcecode.swift; path = RouteMeteorologyViewController.swift; sourceTree = "<group>"; };
		EF252CEAE80B4DDD8B6DAB78 /* Pods_AviationMeteorology.framework */ = {isa = PBXFileReference; explicitFileType = wrapper.framework; includeInIndex = 0; path = Pods_AviationMeteorology.framework; sourceTree = BUILT_PRODUCTS_DIR; };
/* End PBXFileReference section */

/* Begin PBXFrameworksBuildPhase section */
		BA0290A825B9B73B00FAFBC2 /* Frameworks */ = {
			isa = PBXFrameworksBuildPhase;
			buildActionMask = 2147483647;
			files = (
				294EE8566B388FA6EF52F902 /* Pods_AviationMeteorology.framework in Frameworks */,
			);
			runOnlyForDeploymentPostprocessing = 0;
		};
/* End PBXFrameworksBuildPhase section */

/* Begin PBXGroup section */
		9DBDBF84FE494AFBB9E3B9C7 /* Frameworks */ = {
			isa = PBXGroup;
			children = (
				EF252CEAE80B4DDD8B6DAB78 /* Pods_AviationMeteorology.framework */,
			);
			name = Frameworks;
			sourceTree = "<group>";
		};
		BA0290A225B9B73B00FAFBC2 = {
			isa = PBXGroup;
			children = (
				BA0290AD25B9B73B00FAFBC2 /* AviationMeteorology */,
				BA0290AC25B9B73B00FAFBC2 /* Products */,
				BCA0D243101612676EB2F6E6 /* Pods */,
				9DBDBF84FE494AFBB9E3B9C7 /* Frameworks */,
			);
			sourceTree = "<group>";
		};
		BA0290AC25B9B73B00FAFBC2 /* Products */ = {
			isa = PBXGroup;
			children = (
				BA0290AB25B9B73B00FAFBC2 /* AviationMeteorology.app */,
			);
			name = Products;
			sourceTree = "<group>";
		};
		BA0290AD25B9B73B00FAFBC2 /* AviationMeteorology */ = {
			isa = PBXGroup;
			children = (
				BA60816F25D6B0F500E8026D /* Fonts */,
				BA0290AE25B9B73B00FAFBC2 /* AppDelegate.swift */,
				BA0290B025B9B73B00FAFBC2 /* SceneDelegate.swift */,
				BA0290C425BA027700FAFBC2 /* Models */,
				BA0290C325BA027000FAFBC2 /* Views */,
				BA0290C525BA028900FAFBC2 /* Controller */,
				BA0290B725B9B73C00FAFBC2 /* Assets.xcassets */,
				BA0290B925B9B73C00FAFBC2 /* LaunchScreen.storyboard */,
				BA69E35325C88CA000BED030 /* ApiCode.plist */,
				BA0290BC25B9B73C00FAFBC2 /* Info.plist */,
			);
			path = AviationMeteorology;
			sourceTree = "<group>";
		};
		BA0290C325BA027000FAFBC2 /* Views */ = {
			isa = PBXGroup;
			children = (
				BA0290B425B9B73B00FAFBC2 /* Main.storyboard */,
				BA4E96B625D2C79200A16EC7 /* RouteTableViewCell.swift */,
				BAF108CA25D065F000E40065 /* NearestAirportCell.swift */,
			);
			path = Views;
			sourceTree = "<group>";
		};
		BA0290C425BA027700FAFBC2 /* Models */ = {
			isa = PBXGroup;
			children = (
				BA0290C625BA02BF00FAFBC2 /*  Button Extension.swift */,
				BADC6FB525CD4AF000F6DA93 /* DecodedScreenLoadModel.swift */,
				BAB5E75C25D120AF00DD139E /* NearestScreenLoadModel.swift */,
				BA0A9DBD25C81648002B661A /* AviationAppData.swift */,
				BADF452B25DA4FDC005F6D26 /* SettingsModel.swift */,
				BA4E96B325D2A55900A16EC7 /* RouteModel.swift */,
				BA2C44F825C93C2600ECAE38 /* WeathearModels.swift */,
				BA725A5E25CF1A92001D0FD0 /* NearestAirportModel.swift */,
				BA4E96B925D309CD00A16EC7 /* SunTimesModel.swift */,
				BA6F21C225CA884200A10932 /* Constants.swift */,
			);
			path = Models;
			sourceTree = "<group>";
		};
		BA0290C525BA028900FAFBC2 /* Controller */ = {
			isa = PBXGroup;
			children = (
				BA5D97F825C7445800B3512B /* HomeViewController.swift */,
				BA6F21BF25CA86A600A10932 /* DecodedMetarViewController.swift */,
				BA6F21C725CB2CAB00A10932 /* UnitsSettingTableViewController.swift */,
				BAEA8CB725CDDDE600C96D9D /* NearestViewController.swift */,
				BAF13D2125D27C7300226578 /* RouteMeteorologyViewController.swift */,
				BA4E96C225D4040800A16EC7 /* SettingsTableViewController.swift */,
				BA4E96BD25D311ED00A16EC7 /* SunTimesViewController.swift */,
			);
			path = Controller;
			sourceTree = "<group>";
		};
		BA60816F25D6B0F500E8026D /* Fonts */ = {
			isa = PBXGroup;
			children = (
				BA60817025D6B11400E8026D /* Quicksand-Bold.ttf */,
				BA60817325D6B11400E8026D /* Quicksand-Light.ttf */,
				BA60817125D6B11400E8026D /* Quicksand-Medium.ttf */,
				BA60817425D6B11400E8026D /* Quicksand-Regular.ttf */,
				BA60817225D6B11400E8026D /* Quicksand-SemiBold.ttf */,
			);
			path = Fonts;
			sourceTree = "<group>";
		};
		BCA0D243101612676EB2F6E6 /* Pods */ = {
			isa = PBXGroup;
			children = (
				894D6F03C8ED4DF10ECF3D96 /* Pods-AviationMeteorology.debug.xcconfig */,
				0303794C4FCAF376E6E8D94D /* Pods-AviationMeteorology.release.xcconfig */,
			);
			path = Pods;
			sourceTree = "<group>";
		};
/* End PBXGroup section */

/* Begin PBXNativeTarget section */
		BA0290AA25B9B73B00FAFBC2 /* AviationMeteorology */ = {
			isa = PBXNativeTarget;
			buildConfigurationList = BA0290BF25B9B73C00FAFBC2 /* Build configuration list for PBXNativeTarget "AviationMeteorology" */;
			buildPhases = (
				0EEB3882EDB487D81141F99F /* [CP] Check Pods Manifest.lock */,
				BA0290A725B9B73B00FAFBC2 /* Sources */,
				BA0290A825B9B73B00FAFBC2 /* Frameworks */,
				BA0290A925B9B73B00FAFBC2 /* Resources */,
				95F02D5434E420BFF608E475 /* [CP] Embed Pods Frameworks */,
			);
			buildRules = (
			);
			dependencies = (
			);
			name = AviationMeteorology;
			productName = AviationMeteorology;
			productReference = BA0290AB25B9B73B00FAFBC2 /* AviationMeteorology.app */;
			productType = "com.apple.product-type.application";
		};
/* End PBXNativeTarget section */

/* Begin PBXProject section */
		BA0290A325B9B73B00FAFBC2 /* Project object */ = {
			isa = PBXProject;
			attributes = {
				LastSwiftUpdateCheck = 1230;
				LastUpgradeCheck = 1230;
				TargetAttributes = {
					BA0290AA25B9B73B00FAFBC2 = {
						CreatedOnToolsVersion = 12.3;
					};
				};
			};
			buildConfigurationList = BA0290A625B9B73B00FAFBC2 /* Build configuration list for PBXProject "AviationMeteorology" */;
			compatibilityVersion = "Xcode 9.3";
			developmentRegion = en;
			hasScannedForEncodings = 0;
			knownRegions = (
				en,
				Base,
			);
			mainGroup = BA0290A225B9B73B00FAFBC2;
			productRefGroup = BA0290AC25B9B73B00FAFBC2 /* Products */;
			projectDirPath = "";
			projectRoot = "";
			targets = (
				BA0290AA25B9B73B00FAFBC2 /* AviationMeteorology */,
			);
		};
/* End PBXProject section */

/* Begin PBXResourcesBuildPhase section */
		BA0290A925B9B73B00FAFBC2 /* Resources */ = {
			isa = PBXResourcesBuildPhase;
			buildActionMask = 2147483647;
			files = (
				BA60817725D6B11400E8026D /* Quicksand-SemiBold.ttf in Resources */,
				BA60817525D6B11400E8026D /* Quicksand-Bold.ttf in Resources */,
				BA60817625D6B11400E8026D /* Quicksand-Medium.ttf in Resources */,
				BA69E35425C88CA000BED030 /* ApiCode.plist in Resources */,
				BA60817925D6B11400E8026D /* Quicksand-Regular.ttf in Resources */,
				BA0290BB25B9B73C00FAFBC2 /* LaunchScreen.storyboard in Resources */,
				BA0290B825B9B73C00FAFBC2 /* Assets.xcassets in Resources */,
				BA0290B625B9B73B00FAFBC2 /* Main.storyboard in Resources */,
				BA60817825D6B11400E8026D /* Quicksand-Light.ttf in Resources */,
			);
			runOnlyForDeploymentPostprocessing = 0;
		};
/* End PBXResourcesBuildPhase section */

/* Begin PBXShellScriptBuildPhase section */
		0EEB3882EDB487D81141F99F /* [CP] Check Pods Manifest.lock */ = {
			isa = PBXShellScriptBuildPhase;
			buildActionMask = 2147483647;
			files = (
			);
			inputFileListPaths = (
			);
			inputPaths = (
				"${PODS_PODFILE_DIR_PATH}/Podfile.lock",
				"${PODS_ROOT}/Manifest.lock",
			);
			name = "[CP] Check Pods Manifest.lock";
			outputFileListPaths = (
			);
			outputPaths = (
				"$(DERIVED_FILE_DIR)/Pods-AviationMeteorology-checkManifestLockResult.txt",
			);
			runOnlyForDeploymentPostprocessing = 0;
			shellPath = /bin/sh;
			shellScript = "diff \"${PODS_PODFILE_DIR_PATH}/Podfile.lock\" \"${PODS_ROOT}/Manifest.lock\" > /dev/null\nif [ $? != 0 ] ; then\n    # print error to STDERR\n    echo \"error: The sandbox is not in sync with the Podfile.lock. Run 'pod install' or update your CocoaPods installation.\" >&2\n    exit 1\nfi\n# This output is used by Xcode 'outputs' to avoid re-running this script phase.\necho \"SUCCESS\" > \"${SCRIPT_OUTPUT_FILE_0}\"\n";
			showEnvVarsInLog = 0;
		};
		95F02D5434E420BFF608E475 /* [CP] Embed Pods Frameworks */ = {
			isa = PBXShellScriptBuildPhase;
			buildActionMask = 2147483647;
			files = (
			);
			inputFileListPaths = (
				"${PODS_ROOT}/Target Support Files/Pods-AviationMeteorology/Pods-AviationMeteorology-frameworks-${CONFIGURATION}-input-files.xcfilelist",
			);
			name = "[CP] Embed Pods Frameworks";
			outputFileListPaths = (
				"${PODS_ROOT}/Target Support Files/Pods-AviationMeteorology/Pods-AviationMeteorology-frameworks-${CONFIGURATION}-output-files.xcfilelist",
			);
			runOnlyForDeploymentPostprocessing = 0;
			shellPath = /bin/sh;
			shellScript = "\"${PODS_ROOT}/Target Support Files/Pods-AviationMeteorology/Pods-AviationMeteorology-frameworks.sh\"\n";
			showEnvVarsInLog = 0;
		};
/* End PBXShellScriptBuildPhase section */

/* Begin PBXSourcesBuildPhase section */
		BA0290A725B9B73B00FAFBC2 /* Sources */ = {
			isa = PBXSourcesBuildPhase;
			buildActionMask = 2147483647;
			files = (
				BAF13D2225D27C7300226578 /* RouteMeteorologyViewController.swift in Sources */,
				BA5D97F925C7445800B3512B /* HomeViewController.swift in Sources */,
				BA725A5F25CF1A92001D0FD0 /* NearestAirportModel.swift in Sources */,
				BA4E96C325D4040800A16EC7 /* SettingsTableViewController.swift in Sources */,
				BA0290AF25B9B73B00FAFBC2 /* AppDelegate.swift in Sources */,
				BA4E96B725D2C79200A16EC7 /* RouteTableViewCell.swift in Sources */,
				BA2C44F925C93C2600ECAE38 /* WeathearModels.swift in Sources */,
				BA6F21C825CB2CAB00A10932 /* UnitsSettingTableViewController.swift in Sources */,
				BA0290B125B9B73B00FAFBC2 /* SceneDelegate.swift in Sources */,
				BAB5E75D25D120AF00DD139E /* NearestScreenLoadModel.swift in Sources */,
				BADC6FB625CD4AF000F6DA93 /* DecodedScreenLoadModel.swift in Sources */,
				BAEA8CB825CDDDE600C96D9D /* NearestViewController.swift in Sources */,
				BA4E96BA25D309CD00A16EC7 /* SunTimesModel.swift in Sources */,
				BA0A9DBE25C81649002B661A /* AviationAppData.swift in Sources */,
				BA4E96B425D2A55900A16EC7 /* RouteModel.swift in Sources */,
				BAF108CB25D065F000E40065 /* NearestAirportCell.swift in Sources */,
				BA6F21C025CA86A600A10932 /* DecodedMetarViewController.swift in Sources */,
				BA0290C725BA02BF00FAFBC2 /*  Button Extension.swift in Sources */,
				BADF452C25DA4FDC005F6D26 /* SettingsModel.swift in Sources */,
				BA4E96BE25D311ED00A16EC7 /* SunTimesViewController.swift in Sources */,
				BA6F21C325CA884200A10932 /* Constants.swift in Sources */,
			);
			runOnlyForDeploymentPostprocessing = 0;
		};
/* End PBXSourcesBuildPhase section */

/* Begin PBXVariantGroup section */
		BA0290B425B9B73B00FAFBC2 /* Main.storyboard */ = {
			isa = PBXVariantGroup;
			children = (
				BA0290B525B9B73B00FAFBC2 /* Base */,
			);
			name = Main.storyboard;
			sourceTree = "<group>";
		};
		BA0290B925B9B73C00FAFBC2 /* LaunchScreen.storyboard */ = {
			isa = PBXVariantGroup;
			children = (
				BA0290BA25B9B73C00FAFBC2 /* Base */,
			);
			name = LaunchScreen.storyboard;
			sourceTree = "<group>";
		};
/* End PBXVariantGroup section */

/* Begin XCBuildConfiguration section */
		BA0290BD25B9B73C00FAFBC2 /* Debug */ = {
			isa = XCBuildConfiguration;
			buildSettings = {
				ALWAYS_SEARCH_USER_PATHS = NO;
				CLANG_ANALYZER_NONNULL = YES;
				CLANG_ANALYZER_NUMBER_OBJECT_CONVERSION = YES_AGGRESSIVE;
				CLANG_CXX_LANGUAGE_STANDARD = "gnu++14";
				CLANG_CXX_LIBRARY = "libc++";
				CLANG_ENABLE_MODULES = YES;
				CLANG_ENABLE_OBJC_ARC = YES;
				CLANG_ENABLE_OBJC_WEAK = YES;
				CLANG_WARN_BLOCK_CAPTURE_AUTORELEASING = YES;
				CLANG_WARN_BOOL_CONVERSION = YES;
				CLANG_WARN_COMMA = YES;
				CLANG_WARN_CONSTANT_CONVERSION = YES;
				CLANG_WARN_DEPRECATED_OBJC_IMPLEMENTATIONS = YES;
				CLANG_WARN_DIRECT_OBJC_ISA_USAGE = YES_ERROR;
				CLANG_WARN_DOCUMENTATION_COMMENTS = YES;
				CLANG_WARN_EMPTY_BODY = YES;
				CLANG_WARN_ENUM_CONVERSION = YES;
				CLANG_WARN_INFINITE_RECURSION = YES;
				CLANG_WARN_INT_CONVERSION = YES;
				CLANG_WARN_NON_LITERAL_NULL_CONVERSION = YES;
				CLANG_WARN_OBJC_IMPLICIT_RETAIN_SELF = YES;
				CLANG_WARN_OBJC_LITERAL_CONVERSION = YES;
				CLANG_WARN_OBJC_ROOT_CLASS = YES_ERROR;
				CLANG_WARN_QUOTED_INCLUDE_IN_FRAMEWORK_HEADER = YES;
				CLANG_WARN_RANGE_LOOP_ANALYSIS = YES;
				CLANG_WARN_STRICT_PROTOTYPES = YES;
				CLANG_WARN_SUSPICIOUS_MOVE = YES;
				CLANG_WARN_UNGUARDED_AVAILABILITY = YES_AGGRESSIVE;
				CLANG_WARN_UNREACHABLE_CODE = YES;
				CLANG_WARN__DUPLICATE_METHOD_MATCH = YES;
				COPY_PHASE_STRIP = NO;
				DEBUG_INFORMATION_FORMAT = dwarf;
				ENABLE_STRICT_OBJC_MSGSEND = YES;
				ENABLE_TESTABILITY = YES;
				GCC_C_LANGUAGE_STANDARD = gnu11;
				GCC_DYNAMIC_NO_PIC = NO;
				GCC_NO_COMMON_BLOCKS = YES;
				GCC_OPTIMIZATION_LEVEL = 0;
				GCC_PREPROCESSOR_DEFINITIONS = (
					"DEBUG=1",
					"$(inherited)",
				);
				GCC_WARN_64_TO_32_BIT_CONVERSION = YES;
				GCC_WARN_ABOUT_RETURN_TYPE = YES_ERROR;
				GCC_WARN_UNDECLARED_SELECTOR = YES;
				GCC_WARN_UNINITIALIZED_AUTOS = YES_AGGRESSIVE;
				GCC_WARN_UNUSED_FUNCTION = YES;
				GCC_WARN_UNUSED_VARIABLE = YES;
				IPHONEOS_DEPLOYMENT_TARGET = 14.3;
				MTL_ENABLE_DEBUG_INFO = INCLUDE_SOURCE;
				MTL_FAST_MATH = YES;
				ONLY_ACTIVE_ARCH = YES;
				SDKROOT = iphoneos;
				SWIFT_ACTIVE_COMPILATION_CONDITIONS = DEBUG;
				SWIFT_OPTIMIZATION_LEVEL = "-Onone";
			};
			name = Debug;
		};
		BA0290BE25B9B73C00FAFBC2 /* Release */ = {
			isa = XCBuildConfiguration;
			buildSettings = {
				ALWAYS_SEARCH_USER_PATHS = NO;
				CLANG_ANALYZER_NONNULL = YES;
				CLANG_ANALYZER_NUMBER_OBJECT_CONVERSION = YES_AGGRESSIVE;
				CLANG_CXX_LANGUAGE_STANDARD = "gnu++14";
				CLANG_CXX_LIBRARY = "libc++";
				CLANG_ENABLE_MODULES = YES;
				CLANG_ENABLE_OBJC_ARC = YES;
				CLANG_ENABLE_OBJC_WEAK = YES;
				CLANG_WARN_BLOCK_CAPTURE_AUTORELEASING = YES;
				CLANG_WARN_BOOL_CONVERSION = YES;
				CLANG_WARN_COMMA = YES;
				CLANG_WARN_CONSTANT_CONVERSION = YES;
				CLANG_WARN_DEPRECATED_OBJC_IMPLEMENTATIONS = YES;
				CLANG_WARN_DIRECT_OBJC_ISA_USAGE = YES_ERROR;
				CLANG_WARN_DOCUMENTATION_COMMENTS = YES;
				CLANG_WARN_EMPTY_BODY = YES;
				CLANG_WARN_ENUM_CONVERSION = YES;
				CLANG_WARN_INFINITE_RECURSION = YES;
				CLANG_WARN_INT_CONVERSION = YES;
				CLANG_WARN_NON_LITERAL_NULL_CONVERSION = YES;
				CLANG_WARN_OBJC_IMPLICIT_RETAIN_SELF = YES;
				CLANG_WARN_OBJC_LITERAL_CONVERSION = YES;
				CLANG_WARN_OBJC_ROOT_CLASS = YES_ERROR;
				CLANG_WARN_QUOTED_INCLUDE_IN_FRAMEWORK_HEADER = YES;
				CLANG_WARN_RANGE_LOOP_ANALYSIS = YES;
				CLANG_WARN_STRICT_PROTOTYPES = YES;
				CLANG_WARN_SUSPICIOUS_MOVE = YES;
				CLANG_WARN_UNGUARDED_AVAILABILITY = YES_AGGRESSIVE;
				CLANG_WARN_UNREACHABLE_CODE = YES;
				CLANG_WARN__DUPLICATE_METHOD_MATCH = YES;
				COPY_PHASE_STRIP = NO;
				DEBUG_INFORMATION_FORMAT = "dwarf-with-dsym";
				ENABLE_NS_ASSERTIONS = NO;
				ENABLE_STRICT_OBJC_MSGSEND = YES;
				GCC_C_LANGUAGE_STANDARD = gnu11;
				GCC_NO_COMMON_BLOCKS = YES;
				GCC_WARN_64_TO_32_BIT_CONVERSION = YES;
				GCC_WARN_ABOUT_RETURN_TYPE = YES_ERROR;
				GCC_WARN_UNDECLARED_SELECTOR = YES;
				GCC_WARN_UNINITIALIZED_AUTOS = YES_AGGRESSIVE;
				GCC_WARN_UNUSED_FUNCTION = YES;
				GCC_WARN_UNUSED_VARIABLE = YES;
				IPHONEOS_DEPLOYMENT_TARGET = 14.3;
				MTL_ENABLE_DEBUG_INFO = NO;
				MTL_FAST_MATH = YES;
				SDKROOT = iphoneos;
				SWIFT_COMPILATION_MODE = wholemodule;
				SWIFT_OPTIMIZATION_LEVEL = "-O";
				VALIDATE_PRODUCT = YES;
			};
			name = Release;
		};
		BA0290C025B9B73C00FAFBC2 /* Debug */ = {
			isa = XCBuildConfiguration;
			baseConfigurationReference = 894D6F03C8ED4DF10ECF3D96 /* Pods-AviationMeteorology.debug.xcconfig */;
			buildSettings = {
				ASSETCATALOG_COMPILER_APPICON_NAME = AppIcon;
				ASSETCATALOG_COMPILER_GLOBAL_ACCENT_COLOR_NAME = AccentColor;
				CODE_SIGN_STYLE = Automatic;
				DEVELOPMENT_TEAM = L3BFY9Y29C;
				INFOPLIST_FILE = AviationMeteorology/Info.plist;
				LD_RUNPATH_SEARCH_PATHS = (
					"$(inherited)",
					"@executable_path/Frameworks",
				);
				PRODUCT_BUNDLE_IDENTIFIER = com.fatihdogan.AviationMeteorology;
				PRODUCT_NAME = "$(TARGET_NAME)";
				SWIFT_VERSION = 5.0;
				TARGETED_DEVICE_FAMILY = "1,2";
			};
			name = Debug;
		};
		BA0290C125B9B73C00FAFBC2 /* Release */ = {
			isa = XCBuildConfiguration;
			baseConfigurationReference = 0303794C4FCAF376E6E8D94D /* Pods-AviationMeteorology.release.xcconfig */;
			buildSettings = {
				ASSETCATALOG_COMPILER_APPICON_NAME = AppIcon;
				ASSETCATALOG_COMPILER_GLOBAL_ACCENT_COLOR_NAME = AccentColor;
				CODE_SIGN_STYLE = Automatic;
				DEVELOPMENT_TEAM = L3BFY9Y29C;
				INFOPLIST_FILE = AviationMeteorology/Info.plist;
				LD_RUNPATH_SEARCH_PATHS = (
					"$(inherited)",
					"@executable_path/Frameworks",
				);
				PRODUCT_BUNDLE_IDENTIFIER = com.fatihdogan.AviationMeteorology;
				PRODUCT_NAME = "$(TARGET_NAME)";
				SWIFT_VERSION = 5.0;
				TARGETED_DEVICE_FAMILY = "1,2";
			};
			name = Release;
		};
/* End XCBuildConfiguration section */

/* Begin XCConfigurationList section */
		BA0290A625B9B73B00FAFBC2 /* Build configuration list for PBXProject "AviationMeteorology" */ = {
			isa = XCConfigurationList;
			buildConfigurations = (
				BA0290BD25B9B73C00FAFBC2 /* Debug */,
				BA0290BE25B9B73C00FAFBC2 /* Release */,
			);
			defaultConfigurationIsVisible = 0;
			defaultConfigurationName = Release;
		};
		BA0290BF25B9B73C00FAFBC2 /* Build configuration list for PBXNativeTarget "AviationMeteorology" */ = {
			isa = XCConfigurationList;
			buildConfigurations = (
				BA0290C025B9B73C00FAFBC2 /* Debug */,
				BA0290C125B9B73C00FAFBC2 /* Release */,
			);
			defaultConfigurationIsVisible = 0;
			defaultConfigurationName = Release;
		};
/* End XCConfigurationList section */
	};
	rootObject = BA0290A325B9B73B00FAFBC2 /* Project object */;
}
